
Microsoft Visual Studio Solution File, Format Version 12.00
# Visual Studio 15
VisualStudioVersion = 15.0.28307.705
MinimumVisualStudioVersion = 10.0.40219.1
Project("{FAE04EC0-301F-11D3-BF4B-00C04F79EFBC}") = "projetCatalogueProduit", "projetCatalogueProduit\projetCatalogueProduit.csproj", "{6E3FDE3E-E2AB-48F8-A925-BC4F9083B282}"
EndProject
Project("{FAE04EC0-301F-11D3-BF4B-00C04F79EFBC}") = "projetCatalogueProduit.Tests", "projetCatalogueProduit.Tests\projetCatalogueProduit.Tests.csproj", "{A0EEC5C6-39D4-4B04-9AA1-A0226F471909}"
EndProject
Global
	GlobalSection(SolutionConfigurationPlatforms) = preSolution
		Debug|Any CPU = Debug|Any CPU
		Release|Any CPU = Release|Any CPU
	EndGlobalSection
	GlobalSection(ProjectConfigurationPlatforms) = postSolution
		{6E3FDE3E-E2AB-48F8-A925-BC4F9083B282}.Debug|Any CPU.ActiveCfg = Debug|Any CPU
		{6E3FDE3E-E2AB-48F8-A925-BC4F9083B282}.Debug|Any CPU.Build.0 = Debug|Any CPU
		{6E3FDE3E-E2AB-48F8-A925-BC4F9083B282}.Release|Any CPU.ActiveCfg = Release|Any CPU
		{6E3FDE3E-E2AB-48F8-A925-BC4F9083B282}.Release|Any CPU.Build.0 = Release|Any CPU
		{A0EEC5C6-39D4-4B04-9AA1-A0226F471909}.Debug|Any CPU.ActiveCfg = Debug|Any CPU
		{A0EEC5C6-39D4-4B04-9AA1-A0226F471909}.Debug|Any CPU.Build.0 = Debug|Any CPU
		{A0EEC5C6-39D4-4B04-9AA1-A0226F471909}.Release|Any CPU.ActiveCfg = Release|Any CPU
		{A0EEC5C6-39D4-4B04-9AA1-A0226F471909}.Release|Any CPU.Build.0 = Release|Any CPU
	EndGlobalSection
	GlobalSection(SolutionProperties) = preSolution
		HideSolutionNode = FALSE
	EndGlobalSection
	GlobalSection(ExtensibilityGlobals) = postSolution
		SolutionGuid = {9827420C-1B78-440A-B39A-8E31A03E0595}
	EndGlobalSection
EndGlobal
